
Microsoft Visual Studio Solution File, Format Version 12.00
# Visual Studio Version 17
VisualStudioVersion = 17.14.36518.9 d17.14
MinimumVisualStudioVersion = 10.0.40219.1
Project("{FAE04EC0-301F-11D3-BF4B-00C04F79EFBC}") = "DisasterAlleviationApp", "DisasterAlleviationApp.csproj", "{1062A9DF-2587-48A6-AF11-2F2FB43B1C59}"
EndProject
Global
	GlobalSection(SolutionConfigurationPlatforms) = preSolution
		Debug|Any CPU = Debug|Any CPU
		Release|Any CPU = Release|Any CPU
	EndGlobalSection
	GlobalSection(ProjectConfigurationPlatforms) = postSolution
		{1062A9DF-2587-48A6-AF11-2F2FB43B1C59}.Debug|Any CPU.ActiveCfg = Debug|Any CPU
		{1062A9DF-2587-48A6-AF11-2F2FB43B1C59}.Debug|Any CPU.Build.0 = Debug|Any CPU
		{1062A9DF-2587-48A6-AF11-2F2FB43B1C59}.Release|Any CPU.ActiveCfg = Release|Any CPU
		{1062A9DF-2587-48A6-AF11-2F2FB43B1C59}.Release|Any CPU.Build.0 = Release|Any CPU
	EndGlobalSection
	GlobalSection(SolutionProperties) = preSolution
		HideSolutionNode = FALSE
	EndGlobalSection
	GlobalSection(ExtensibilityGlobals) = postSolution
		SolutionGuid = {B8294749-6B32-4DF1-AB5A-DDA81F66C5ED}
	EndGlobalSection
EndGlobal
